<?xml version="1.0" encoding="utf-8"?>
<Project ToolsVersion="4.0" xmlns="http://schemas.microsoft.com/developer/msbuild/2003">
  <ItemGroup>
    <ClCompile Include="main0.cpp">
      <Filter>playground</Filter>
    </ClCompile>
    <ClCompile Include="main1.cpp">
      <Filter>playground</Filter>
    </ClCompile>
    <ClCompile Include="main2.cpp">
      <Filter>playground</Filter>
    </ClCompile>
    <ClCompile Include="main3.cpp">
      <Filter>playground</Filter>
    </ClCompile>
    <ClCompile Include="main5.cpp">
      <Filter>playground</Filter>
    </ClCompile>
    <ClCompile Include="mkv_sink.cpp">
      <Filter>media_node\media_sink</Filter>
    </ClCompile>
    <ClCompile Include="mkv_source.cpp">
      <Filter>media_node\media_source</Filter>
    </ClCompile>
    <ClCompile Include="vp9_glTex_decoder.cpp">
      <Filter>media_node\media_transform\video</Filter>
    </ClCompile>
    <ClCompile Include="vp9_ram_vpximg_decoder.cpp">
      <Filter>media_node\media_transform\video</Filter>
    </ClCompile>
    <ClCompile Include="opus_decoder.cpp">
      <Filter>media_node\media_transform\audio</Filter>
    </ClCompile>
    <ClCompile Include="media_buffer.cpp" />
    <ClCompile Include="soundio_service.cpp">
      <Filter>service\audio_service</Filter>
    </ClCompile>
    <ClCompile Include="main6.cpp">
      <Filter>playground</Filter>
    </ClCompile>
    <ClCompile Include="..\oglplayer\libsoundio\src\channel_layout.c">
      <Filter>libsoundio</Filter>
    </ClCompile>
    <ClCompile Include="..\oglplayer\libsoundio\src\dummy.c">
      <Filter>libsoundio</Filter>
    </ClCompile>
    <ClCompile Include="..\oglplayer\libsoundio\src\os.c">
      <Filter>libsoundio</Filter>
    </ClCompile>
    <ClCompile Include="..\oglplayer\libsoundio\src\soundio.c">
      <Filter>libsoundio</Filter>
    </ClCompile>
    <ClCompile Include="..\oglplayer\libsoundio\src\util.c">
      <Filter>libsoundio</Filter>
    </ClCompile>
    <ClCompile Include="..\oglplayer\libsoundio\src\wasapi.c">
      <Filter>libsoundio</Filter>
    </ClCompile>
    <ClCompile Include="..\oglplayer\libsoundio\src\ring_buffer.c">
      <Filter>libsoundio</Filter>
    </ClCompile>
    <ClCompile Include="main8.cpp">
      <Filter>playground</Filter>
    </ClCompile>
    <ClCompile Include="main.cpp" />
    <ClCompile Include="soundio_outstream.cpp">
      <Filter>media_node\media_sink</Filter>
    </ClCompile>
  </ItemGroup>
  <ItemGroup>
    <ClInclude Include="mkv_sink.h">
      <Filter>media_node\media_sink</Filter>
    </ClInclude>
    <ClInclude Include="mkv_source.h">
      <Filter>media_node\media_source</Filter>
    </ClInclude>
    <ClInclude Include="media_buffer.h">
      <Filter>media_node</Filter>
    </ClInclude>
    <ClInclude Include="media_sink.h">
      <Filter>media_node\media_sink</Filter>
    </ClInclude>
    <ClInclude Include="media_source.h">
      <Filter>media_node\media_source</Filter>
    </ClInclude>
    <ClInclude Include="media_transform.h">
      <Filter>media_node\media_transform</Filter>
    </ClInclude>
    <ClInclude Include="audio_serice.h">
      <Filter>service\audio_service</Filter>
    </ClInclude>
    <ClInclude Include="soundio_service.h">
      <Filter>service\audio_service</Filter>
    </ClInclude>
    <ClInclude Include="soundio_service.ipp">
      <Filter>service\audio_service</Filter>
    </ClInclude>
    <ClInclude Include="soundio_outstream.h">
      <Filter>media_node\media_sink</Filter>
    </ClInclude>
    <ClInclude Include="audio_info.h">
      <Filter>enums</Filter>
    </ClInclude>
    <ClInclude Include="video_info.h">
      <Filter>enums</Filter>
    </ClInclude>
  </ItemGroup>
  <ItemGroup>
    <Filter Include="playground">
      <UniqueIdentifier>{685514a9-5864-4cd9-abf4-e97cd85fb07e}</UniqueIdentifier>
    </Filter>
    <Filter Include="media_node">
      <UniqueIdentifier>{9cc1ec11-22a8-4cff-b0f1-53dc7ee20f35}</UniqueIdentifier>
    </Filter>
    <Filter Include="media_node\media_sink">
      <UniqueIdentifier>{057d0668-ca75-43d5-941b-695b926d1065}</UniqueIdentifier>
    </Filter>
    <Filter Include="media_node\media_source">
      <UniqueIdentifier>{037d79f9-3c44-4106-87fa-90d7890a677e}</UniqueIdentifier>
    </Filter>
    <Filter Include="media_node\media_transform">
      <UniqueIdentifier>{be5db41d-889a-4055-bd1c-a3f8e3715389}</UniqueIdentifier>
    </Filter>
    <Filter Include="media_node\media_transform\video">
      <UniqueIdentifier>{f1eb3dfa-e016-4acf-957f-2f19a879fb82}</UniqueIdentifier>
    </Filter>
    <Filter Include="media_node\media_transform\audio">
      <UniqueIdentifier>{ed6cd076-02b3-4870-8f87-ea52e529da47}</UniqueIdentifier>
    </Filter>
    <Filter Include="service">
      <UniqueIdentifier>{7bcb8f01-9321-438f-8660-ff4fd9bea050}</UniqueIdentifier>
    </Filter>
    <Filter Include="service\audio_service">
      <UniqueIdentifier>{e0f2de11-2294-4677-80b7-8c41d516088f}</UniqueIdentifier>
    </Filter>
    <Filter Include="libsoundio">
      <UniqueIdentifier>{47e848c2-e933-49eb-9704-886d8b57c47e}</UniqueIdentifier>
    </Filter>
    <Filter Include="enums">
      <UniqueIdentifier>{d14f50ba-2073-4488-ad9f-a9ccda17dcf1}</UniqueIdentifier>
    </Filter>
  </ItemGroup>
</Project>